{
  "name": "kafka-demo-app",
  "version": "1.0.0",
  "lockfileVersion": 2,
  "requires": true,
  "packages": {
    "": {
      "name": "kafka-demo-app",
      "version": "1.0.0",
      "license": "ISC",
      "dependencies": {
        "avsc": "^5.7.6"
      }
    },
    "node_modules/avsc": {
      "version": "5.7.6",
      "resolved": "https://registry.npmjs.org/avsc/-/avsc-5.7.6.tgz",
      "integrity": "sha512-jyn9tfd9J3h7pgJSk4qQ/1c1Tk5qiXrvmdCDON2UjcFplqRu/KpmKmpi+Ess8ZKmmqK12U4Y3VHrfwQs1xSMZA==",
      "engines": {
        "node": ">=0.11"
      }
    }
  },
  "dependencies": {
    "avsc": {
      "version": "5.7.6",
      "resolved": "https://registry.npmjs.org/avsc/-/avsc-5.7.6.tgz",
      "integrity": "sha512-jyn9tfd9J3h7pgJSk4qQ/1c1Tk5qiXrvmdCDON2UjcFplqRu/KpmKmpi+Ess8ZKmmqK12U4Y3VHrfwQs1xSMZA=="
    }
  }
}
